
Microsoft Visual Studio Solution File, Format Version 12.00
# Visual Studio Version 16
VisualStudioVersion = 25.0.1705.0
MinimumVisualStudioVersion = 10.0.40219.1
Project("{FAE04EC0-301F-11D3-BF4B-00C04F79EFBC}") = "inCommodities.test.external", "inCommodities.test.external\inCommodities.test.external.csproj", "{85DFFAB2-3365-452E-BB14-25209891F789}"
EndProject
Global
	GlobalSection(SolutionConfigurationPlatforms) = preSolution
		Debug|Any CPU = Debug|Any CPU
		Release|Any CPU = Release|Any CPU
	EndGlobalSection
	GlobalSection(ProjectConfigurationPlatforms) = postSolution
		{85DFFAB2-3365-452E-BB14-25209891F789}.Debug|Any CPU.ActiveCfg = Debug|Any CPU
		{85DFFAB2-3365-452E-BB14-25209891F789}.Debug|Any CPU.Build.0 = Debug|Any CPU
		{85DFFAB2-3365-452E-BB14-25209891F789}.Release|Any CPU.ActiveCfg = Release|Any CPU
		{85DFFAB2-3365-452E-BB14-25209891F789}.Release|Any CPU.Build.0 = Release|Any CPU
	EndGlobalSection
	GlobalSection(SolutionProperties) = preSolution
		HideSolutionNode = FALSE
	EndGlobalSection
	GlobalSection(ExtensibilityGlobals) = postSolution
		SolutionGuid = {EAB95F22-A3E1-4271-91EC-2849B784F6F0}
	EndGlobalSection
EndGlobal
